<?xml version="1.0" encoding="utf-8"?>
<Project ToolsVersion="4.0" xmlns="http://schemas.microsoft.com/developer/msbuild/2003">
  <ItemGroup>
    <ClCompile Include="..\Src\Main.cpp" />
    <ClCompile Include="..\Src\World\World.cpp">
      <Filter>World</Filter>
    </ClCompile>
    <ClCompile Include="..\Src\Graphics\Resources.cpp">
      <Filter>Graphics</Filter>
    </ClCompile>
    <ClCompile Include="..\Libraries\libspng\miniz.c">
      <Filter>Libraries\libspng</Filter>
    </ClCompile>
    <ClCompile Include="..\Libraries\libspng\spng.c">
      <Filter>Libraries\libspng</Filter>
    </ClCompile>
    <ClCompile Include="..\Src\Graphics\Rooms\Room.cpp">
      <Filter>Graphics\Rooms</Filter>
    </ClCompile>
    <ClCompile Include="..\Src\Graphics\Rooms\RoomInstance.cpp">
      <Filter>Graphics\Rooms</Filter>
    </ClCompile>
    <ClCompile Include="..\Src\Graphics\Transform.cpp">
      <Filter>Graphics</Filter>
    </ClCompile>
    <ClCompile Include="..\Src\Graphics\Camera.cpp">
      <Filter>Graphics</Filter>
    </ClCompile>
    <ClCompile Include="..\Src\Collision\CollisionMesh.cpp">
      <Filter>Collision</Filter>
    </ClCompile>
    <ClCompile Include="..\Src\Collision\Collision.cpp">
      <Filter>Collision</Filter>
    </ClCompile>
    <ClCompile Include="..\Src\Timing\Time.cpp">
      <Filter>Timing</Filter>
    </ClCompile>
    <ClCompile Include="..\Src\Timing\TimeMaster.cpp">
      <Filter>Timing</Filter>
    </ClCompile>
    <ClCompile Include="..\Src\Timing\Timer.cpp">
      <Filter>Timing</Filter>
    </ClCompile>
    <ClCompile Include="..\Src\Collision\CollisionMeshCollection.cpp">
      <Filter>Collision</Filter>
    </ClCompile>
    <ClCompile Include="..\Src\Collision\Collider.cpp">
      <Filter>Collision</Filter>
    </ClCompile>
    <ClCompile Include="..\Src\Graphics\Text\Font.cpp">
      <Filter>Graphics\Text</Filter>
    </ClCompile>
    <ClCompile Include="..\Src\Graphics\Text\TextRenderer.cpp">
      <Filter>Graphics\Text</Filter>
    </ClCompile>
    <ClCompile Include="..\Src\World\StatWorld.cpp">
      <Filter>World</Filter>
    </ClCompile>
    <ClCompile Include="..\Src\Timing\Ticker.cpp">
      <Filter>Timing</Filter>
    </ClCompile>
    <ClCompile Include="..\Src\Graphics\Rooms\RoomSet.cpp">
      <Filter>Graphics\Rooms</Filter>
    </ClCompile>
    <ClCompile Include="..\Src\Player\PlayerController.cpp">
      <Filter>Player</Filter>
    </ClCompile>
    <ClCompile Include="..\Src\Entities\Glimpse.cpp">
      <Filter>Entities</Filter>
    </ClCompile>
    <ClCompile Include="..\Src\Graphics\Light\Match.cpp">
      <Filter>Graphics\Light</Filter>
    </ClCompile>
  </ItemGroup>
  <ItemGroup>
    <Filter Include="World">
      <UniqueIdentifier>{de444df5-4263-4c20-8ec5-5e49933b9e9e}</UniqueIdentifier>
    </Filter>
    <Filter Include="Graphics">
      <UniqueIdentifier>{777d5515-7db7-48c5-9b1e-0016bb50da5b}</UniqueIdentifier>
    </Filter>
    <Filter Include="Libraries">
      <UniqueIdentifier>{4a905e1e-834e-4721-99fd-8d3fc43baefd}</UniqueIdentifier>
    </Filter>
    <Filter Include="Libraries\libspng">
      <UniqueIdentifier>{2f10b07f-4a74-450e-ba9b-1d9e4a4be126}</UniqueIdentifier>
    </Filter>
    <Filter Include="Graphics\Rooms">
      <UniqueIdentifier>{fceae75c-63dd-4c13-8bf1-914dcf5d5f33}</UniqueIdentifier>
    </Filter>
    <Filter Include="Collision">
      <UniqueIdentifier>{68684e29-f378-40e6-8b2e-a5ad00dc4f30}</UniqueIdentifier>
    </Filter>
    <Filter Include="Timing">
      <UniqueIdentifier>{c2c0c572-a522-465c-a9b0-3683617d985c}</UniqueIdentifier>
    </Filter>
    <Filter Include="Utilities">
      <UniqueIdentifier>{79a478f7-0a29-4f7a-91a2-8e9357060821}</UniqueIdentifier>
    </Filter>
    <Filter Include="Graphics\Text">
      <UniqueIdentifier>{64e7b175-1b4a-4136-9397-471d7ef1f80c}</UniqueIdentifier>
    </Filter>
    <Filter Include="Player">
      <UniqueIdentifier>{28d32e2f-fac6-44a9-b627-b2033f9a02b1}</UniqueIdentifier>
    </Filter>
    <Filter Include="Entities">
      <UniqueIdentifier>{09628c4b-817b-4614-8c24-809b4100565a}</UniqueIdentifier>
    </Filter>
    <Filter Include="Graphics\Light">
      <UniqueIdentifier>{ae292cc8-d2c3-40f4-b7e4-f42aabc973ab}</UniqueIdentifier>
    </Filter>
  </ItemGroup>
  <ItemGroup>
    <ClInclude Include="..\Src\World\World.h">
      <Filter>World</Filter>
    </ClInclude>
    <ClInclude Include="..\Src\Graphics\Cache.h">
      <Filter>Graphics</Filter>
    </ClInclude>
    <ClInclude Include="..\Src\Graphics\Resources.h">
      <Filter>Graphics</Filter>
    </ClInclude>
    <ClInclude Include="..\Libraries\libspng\miniz.h">
      <Filter>Libraries\libspng</Filter>
    </ClInclude>
    <ClInclude Include="..\Libraries\libspng\spng.h">
      <Filter>Libraries\libspng</Filter>
    </ClInclude>
    <ClInclude Include="..\Src\Graphics\Rooms\Room.h">
      <Filter>Graphics\Rooms</Filter>
    </ClInclude>
    <ClInclude Include="..\Src\Graphics\Rooms\RoomInstance.h">
      <Filter>Graphics\Rooms</Filter>
    </ClInclude>
    <ClInclude Include="..\Src\Graphics\Transform.h">
      <Filter>Graphics</Filter>
    </ClInclude>
    <ClInclude Include="..\Src\Graphics\Camera.h">
      <Filter>Graphics</Filter>
    </ClInclude>
    <ClInclude Include="..\Src\Collision\CollisionMesh.h">
      <Filter>Collision</Filter>
    </ClInclude>
    <ClInclude Include="..\Src\Collision\Collision.h">
      <Filter>Collision</Filter>
    </ClInclude>
    <ClInclude Include="..\Src\Timing\Time.h">
      <Filter>Timing</Filter>
    </ClInclude>
    <ClInclude Include="..\Src\Timing\TimeMaster.h">
      <Filter>Timing</Filter>
    </ClInclude>
    <ClInclude Include="..\Src\Timing\Timer.h">
      <Filter>Timing</Filter>
    </ClInclude>
    <ClInclude Include="..\Src\Collision\CollisionMeshCollection.h">
      <Filter>Collision</Filter>
    </ClInclude>
    <ClInclude Include="..\Src\Collision\Collider.h">
      <Filter>Collision</Filter>
    </ClInclude>
    <ClInclude Include="..\Src\Utilities\Directories.h">
      <Filter>Utilities</Filter>
    </ClInclude>
    <ClInclude Include="..\Src\Graphics\Text\Font.h">
      <Filter>Graphics\Text</Filter>
    </ClInclude>
    <ClInclude Include="..\Src\Graphics\Text\TextRenderer.h">
      <Filter>Graphics\Text</Filter>
    </ClInclude>
    <ClInclude Include="..\Src\World\StatWorld.h">
      <Filter>World</Filter>
    </ClInclude>
    <ClInclude Include="..\Src\Timing\Ticker.h">
      <Filter>Timing</Filter>
    </ClInclude>
    <ClInclude Include="..\Src\Graphics\Rooms\RoomInfo.h">
      <Filter>Graphics\Rooms</Filter>
    </ClInclude>
    <ClInclude Include="..\Src\Graphics\Rooms\RoomSet.h">
      <Filter>Graphics\Rooms</Filter>
    </ClInclude>
    <ClInclude Include="..\Src\Player\PlayerController.h">
      <Filter>Player</Filter>
    </ClInclude>
    <ClInclude Include="..\Src\Entities\Glimpse.h">
      <Filter>Entities</Filter>
    </ClInclude>
    <ClInclude Include="..\Src\Graphics\Light\Light.h">
      <Filter>Graphics\Light</Filter>
    </ClInclude>
    <ClInclude Include="..\Src\Graphics\Light\Match.h">
      <Filter>Graphics\Light</Filter>
    </ClInclude>
  </ItemGroup>
</Project>