
Microsoft Visual Studio Solution File, Format Version 12.00
# Visual Studio Version 17
VisualStudioVersion = 17.0.31521.260
MinimumVisualStudioVersion = 10.0.40219.1
Project("{8BC9CEB8-8B4A-11D0-8D11-00A0C91BC942}") = "SCP087B", "SCP087B.vcxproj", "{40AF0BD9-8A50-46BC-8618-E06E71D21BF5}"
	ProjectSection(ProjectDependencies) = postProject
		{86FA7807-97DD-432B-BAFD-4B8304762DEA} = {86FA7807-97DD-432B-BAFD-4B8304762DEA}
		{05402E84-9390-44A8-81C0-86F75912D938} = {05402E84-9390-44A8-81C0-86F75912D938}
		{2D5343E1-C4C3-43FB-AB12-234001B3F5DD} = {2D5343E1-C4C3-43FB-AB12-234001B3F5DD}
	EndProjectSection
EndProject
Project("{2150E333-8FDC-42A3-9474-1A3956D46DE8}") = "Engine", "Engine", "{1383DC25-3657-4B18-AD40-5A8929A14ABD}"
EndProject
Project("{2150E333-8FDC-42A3-9474-1A3956D46DE8}") = "SCP087B", "SCP087B", "{9B96B047-63AF-462F-A878-F970DA366FF4}"
EndProject
Project("{2150E333-8FDC-42A3-9474-1A3956D46DE8}") = "Libraries", "Libraries", "{36D8CE2F-33B2-45B5-A82C-7B64914F5BE4}"
EndProject
Project("{8BC9CEB8-8B4A-11D0-8D11-00A0C91BC942}") = "Engine", "..\Engine\Windows\Engine\Engine.vcxproj", "{86FA7807-97DD-432B-BAFD-4B8304762DEA}"
	ProjectSection(ProjectDependencies) = postProject
		{3A84BF6D-4447-4AC4-8B18-4CEEF5B45D7E} = {3A84BF6D-4447-4AC4-8B18-4CEEF5B45D7E}
		{81CE8DAF-EBB2-4761-8E45-B71ABCCA8C68} = {81CE8DAF-EBB2-4761-8E45-B71ABCCA8C68}
	EndProjectSection
EndProject
Project("{8BC9CEB8-8B4A-11D0-8D11-00A0C91BC942}") = "BuildShaders", "..\Engine\Windows\BuildShaders\BuildShaders.vcxproj", "{2D5343E1-C4C3-43FB-AB12-234001B3F5DD}"
	ProjectSection(ProjectDependencies) = postProject
		{86FA7807-97DD-432B-BAFD-4B8304762DEA} = {86FA7807-97DD-432B-BAFD-4B8304762DEA}
	EndProjectSection
EndProject
Project("{8BC9CEB8-8B4A-11D0-8D11-00A0C91BC942}") = "glad", "..\Engine\Libraries\glad\glad.vcxproj", "{3A84BF6D-4447-4AC4-8B18-4CEEF5B45D7E}"
EndProject
Project("{8BC9CEB8-8B4A-11D0-8D11-00A0C91BC942}") = "SDL2", "..\Engine\Libraries\SDL2\VisualC\SDL\SDL.vcxproj", "{81CE8DAF-EBB2-4761-8E45-B71ABCCA8C68}"
EndProject
Project("{2150E333-8FDC-42A3-9474-1A3956D46DE8}") = "Libraries", "Libraries", "{7554B67E-1726-497A-BA9C-9A4F844BFEA7}"
EndProject
Project("{2150E333-8FDC-42A3-9474-1A3956D46DE8}") = "Tools", "Tools", "{E45C8D00-B2E1-4A8A-8D8B-B0AA9FA899A0}"
EndProject
Project("{8BC9CEB8-8B4A-11D0-8D11-00A0C91BC942}") = "TextMapper", "..\Tools\TextMapper\Windows\TextMapper.vcxproj", "{EF9AE747-3D3B-4EFE-985F-225E2E316AF2}"
	ProjectSection(ProjectDependencies) = postProject
		{86FA7807-97DD-432B-BAFD-4B8304762DEA} = {86FA7807-97DD-432B-BAFD-4B8304762DEA}
		{78B079BD-9FC7-4B9E-B4A6-96DA0F00248B} = {78B079BD-9FC7-4B9E-B4A6-96DA0F00248B}
	EndProjectSection
EndProject
Project("{2150E333-8FDC-42A3-9474-1A3956D46DE8}") = "Libraries", "Libraries", "{A84D534F-09D9-4E53-B4E1-1ACEB00247C3}"
EndProject
Project("{8BC9CEB8-8B4A-11D0-8D11-00A0C91BC942}") = "freetype", "..\Tools\TextMapper\Libraries\freetype\builds\windows\vc2010\freetype.vcxproj", "{78B079BD-9FC7-4B9E-B4A6-96DA0F00248B}"
EndProject
Project("{8BC9CEB8-8B4A-11D0-8D11-00A0C91BC942}") = "Bverter", "..\Tools\Bverter\Windows\Bverter.vcxproj", "{05402E84-9390-44A8-81C0-86F75912D938}"
	ProjectSection(ProjectDependencies) = postProject
		{D7D7D53B-A9B6-3D4E-A784-2A3CEFEF73B8} = {D7D7D53B-A9B6-3D4E-A784-2A3CEFEF73B8}
	EndProjectSection
EndProject
Project("{8BC9CEB8-8B4A-11D0-8D11-00A0C91BC942}") = "assimp", "..\Tools\Bverter\Libraries\assimp\ProjectFiles\VS2019\code\assimp.vcxproj", "{D7D7D53B-A9B6-3D4E-A784-2A3CEFEF73B8}"
	ProjectSection(ProjectDependencies) = postProject
		{2B0932E6-1194-310E-8B3A-88010E86CEDB} = {2B0932E6-1194-310E-8B3A-88010E86CEDB}
	EndProjectSection
EndProject
Project("{8BC9CEB8-8B4A-11D0-8D11-00A0C91BC942}") = "zlibstatic", "..\Tools\Bverter\Libraries\assimp\ProjectFiles\VS2019\contrib\zlib\zlibstatic.vcxproj", "{2B0932E6-1194-310E-8B3A-88010E86CEDB}"
EndProject
Project("{8BC9CEB8-8B4A-11D0-8D11-00A0C91BC942}") = "ktx_read", "..\Libraries\ktx\project_files\win\ktx_read.vcxproj", "{9B6AB092-5057-3260-A8C6-C340F4AEB991}"
EndProject
Global
	GlobalSection(SolutionConfigurationPlatforms) = preSolution
		Debug|x64 = Debug|x64
		Debug|x86 = Debug|x86
		Release|x64 = Release|x64
		Release|x86 = Release|x86
	EndGlobalSection
	GlobalSection(ProjectConfigurationPlatforms) = postSolution
		{40AF0BD9-8A50-46BC-8618-E06E71D21BF5}.Debug|x64.ActiveCfg = Debug|x64
		{40AF0BD9-8A50-46BC-8618-E06E71D21BF5}.Debug|x64.Build.0 = Debug|x64
		{40AF0BD9-8A50-46BC-8618-E06E71D21BF5}.Debug|x86.ActiveCfg = Debug|Win32
		{40AF0BD9-8A50-46BC-8618-E06E71D21BF5}.Debug|x86.Build.0 = Debug|Win32
		{40AF0BD9-8A50-46BC-8618-E06E71D21BF5}.Release|x64.ActiveCfg = Release|x64
		{40AF0BD9-8A50-46BC-8618-E06E71D21BF5}.Release|x64.Build.0 = Release|x64
		{40AF0BD9-8A50-46BC-8618-E06E71D21BF5}.Release|x86.ActiveCfg = Release|Win32
		{40AF0BD9-8A50-46BC-8618-E06E71D21BF5}.Release|x86.Build.0 = Release|Win32
		{86FA7807-97DD-432B-BAFD-4B8304762DEA}.Debug|x64.ActiveCfg = Debug|x64
		{86FA7807-97DD-432B-BAFD-4B8304762DEA}.Debug|x64.Build.0 = Debug|x64
		{86FA7807-97DD-432B-BAFD-4B8304762DEA}.Debug|x86.ActiveCfg = Debug|Win32
		{86FA7807-97DD-432B-BAFD-4B8304762DEA}.Debug|x86.Build.0 = Debug|Win32
		{86FA7807-97DD-432B-BAFD-4B8304762DEA}.Release|x64.ActiveCfg = Release|x64
		{86FA7807-97DD-432B-BAFD-4B8304762DEA}.Release|x64.Build.0 = Release|x64
		{86FA7807-97DD-432B-BAFD-4B8304762DEA}.Release|x86.ActiveCfg = Release|Win32
		{86FA7807-97DD-432B-BAFD-4B8304762DEA}.Release|x86.Build.0 = Release|Win32
		{2D5343E1-C4C3-43FB-AB12-234001B3F5DD}.Debug|x64.ActiveCfg = Debug|x64
		{2D5343E1-C4C3-43FB-AB12-234001B3F5DD}.Debug|x64.Build.0 = Debug|x64
		{2D5343E1-C4C3-43FB-AB12-234001B3F5DD}.Debug|x86.ActiveCfg = Debug|Win32
		{2D5343E1-C4C3-43FB-AB12-234001B3F5DD}.Debug|x86.Build.0 = Debug|Win32
		{2D5343E1-C4C3-43FB-AB12-234001B3F5DD}.Release|x64.ActiveCfg = Release|x64
		{2D5343E1-C4C3-43FB-AB12-234001B3F5DD}.Release|x64.Build.0 = Release|x64
		{2D5343E1-C4C3-43FB-AB12-234001B3F5DD}.Release|x86.ActiveCfg = Release|Win32
		{2D5343E1-C4C3-43FB-AB12-234001B3F5DD}.Release|x86.Build.0 = Release|Win32
		{3A84BF6D-4447-4AC4-8B18-4CEEF5B45D7E}.Debug|x64.ActiveCfg = Debug|x64
		{3A84BF6D-4447-4AC4-8B18-4CEEF5B45D7E}.Debug|x64.Build.0 = Debug|x64
		{3A84BF6D-4447-4AC4-8B18-4CEEF5B45D7E}.Debug|x86.ActiveCfg = Debug|Win32
		{3A84BF6D-4447-4AC4-8B18-4CEEF5B45D7E}.Debug|x86.Build.0 = Debug|Win32
		{3A84BF6D-4447-4AC4-8B18-4CEEF5B45D7E}.Release|x64.ActiveCfg = Release|x64
		{3A84BF6D-4447-4AC4-8B18-4CEEF5B45D7E}.Release|x64.Build.0 = Release|x64
		{3A84BF6D-4447-4AC4-8B18-4CEEF5B45D7E}.Release|x86.ActiveCfg = Release|Win32
		{3A84BF6D-4447-4AC4-8B18-4CEEF5B45D7E}.Release|x86.Build.0 = Release|Win32
		{81CE8DAF-EBB2-4761-8E45-B71ABCCA8C68}.Debug|x64.ActiveCfg = Debug|x64
		{81CE8DAF-EBB2-4761-8E45-B71ABCCA8C68}.Debug|x64.Build.0 = Debug|x64
		{81CE8DAF-EBB2-4761-8E45-B71ABCCA8C68}.Debug|x86.ActiveCfg = Debug|Win32
		{81CE8DAF-EBB2-4761-8E45-B71ABCCA8C68}.Debug|x86.Build.0 = Debug|Win32
		{81CE8DAF-EBB2-4761-8E45-B71ABCCA8C68}.Release|x64.ActiveCfg = Release|x64
		{81CE8DAF-EBB2-4761-8E45-B71ABCCA8C68}.Release|x64.Build.0 = Release|x64
		{81CE8DAF-EBB2-4761-8E45-B71ABCCA8C68}.Release|x86.ActiveCfg = Release|Win32
		{81CE8DAF-EBB2-4761-8E45-B71ABCCA8C68}.Release|x86.Build.0 = Release|Win32
		{EF9AE747-3D3B-4EFE-985F-225E2E316AF2}.Debug|x64.ActiveCfg = Debug|x64
		{EF9AE747-3D3B-4EFE-985F-225E2E316AF2}.Debug|x64.Build.0 = Debug|x64
		{EF9AE747-3D3B-4EFE-985F-225E2E316AF2}.Debug|x86.ActiveCfg = Debug|Win32
		{EF9AE747-3D3B-4EFE-985F-225E2E316AF2}.Debug|x86.Build.0 = Debug|Win32
		{EF9AE747-3D3B-4EFE-985F-225E2E316AF2}.Release|x64.ActiveCfg = Release|x64
		{EF9AE747-3D3B-4EFE-985F-225E2E316AF2}.Release|x64.Build.0 = Release|x64
		{EF9AE747-3D3B-4EFE-985F-225E2E316AF2}.Release|x86.ActiveCfg = Release|Win32
		{EF9AE747-3D3B-4EFE-985F-225E2E316AF2}.Release|x86.Build.0 = Release|Win32
		{78B079BD-9FC7-4B9E-B4A6-96DA0F00248B}.Debug|x64.ActiveCfg = Debug Static|x64
		{78B079BD-9FC7-4B9E-B4A6-96DA0F00248B}.Debug|x64.Build.0 = Debug Static|x64
		{78B079BD-9FC7-4B9E-B4A6-96DA0F00248B}.Debug|x86.ActiveCfg = Debug Static|Win32
		{78B079BD-9FC7-4B9E-B4A6-96DA0F00248B}.Debug|x86.Build.0 = Debug Static|Win32
		{78B079BD-9FC7-4B9E-B4A6-96DA0F00248B}.Release|x64.ActiveCfg = Release Static|x64
		{78B079BD-9FC7-4B9E-B4A6-96DA0F00248B}.Release|x64.Build.0 = Release Static|x64
		{78B079BD-9FC7-4B9E-B4A6-96DA0F00248B}.Release|x86.ActiveCfg = Release Static|Win32
		{78B079BD-9FC7-4B9E-B4A6-96DA0F00248B}.Release|x86.Build.0 = Release Static|Win32
		{05402E84-9390-44A8-81C0-86F75912D938}.Debug|x64.ActiveCfg = Debug|x64
		{05402E84-9390-44A8-81C0-86F75912D938}.Debug|x64.Build.0 = Debug|x64
		{05402E84-9390-44A8-81C0-86F75912D938}.Debug|x86.ActiveCfg = Debug|Win32
		{05402E84-9390-44A8-81C0-86F75912D938}.Debug|x86.Build.0 = Debug|Win32
		{05402E84-9390-44A8-81C0-86F75912D938}.Release|x64.ActiveCfg = Release|x64
		{05402E84-9390-44A8-81C0-86F75912D938}.Release|x64.Build.0 = Release|x64
		{05402E84-9390-44A8-81C0-86F75912D938}.Release|x86.ActiveCfg = Release|Win32
		{05402E84-9390-44A8-81C0-86F75912D938}.Release|x86.Build.0 = Release|Win32
		{D7D7D53B-A9B6-3D4E-A784-2A3CEFEF73B8}.Debug|x64.ActiveCfg = Debug|x64
		{D7D7D53B-A9B6-3D4E-A784-2A3CEFEF73B8}.Debug|x64.Build.0 = Debug|x64
		{D7D7D53B-A9B6-3D4E-A784-2A3CEFEF73B8}.Debug|x86.ActiveCfg = Debug|x64
		{D7D7D53B-A9B6-3D4E-A784-2A3CEFEF73B8}.Release|x64.ActiveCfg = Release|x64
		{D7D7D53B-A9B6-3D4E-A784-2A3CEFEF73B8}.Release|x64.Build.0 = Release|x64
		{D7D7D53B-A9B6-3D4E-A784-2A3CEFEF73B8}.Release|x86.ActiveCfg = Release|x64
		{2B0932E6-1194-310E-8B3A-88010E86CEDB}.Debug|x64.ActiveCfg = Debug|x64
		{2B0932E6-1194-310E-8B3A-88010E86CEDB}.Debug|x64.Build.0 = Debug|x64
		{2B0932E6-1194-310E-8B3A-88010E86CEDB}.Debug|x86.ActiveCfg = Debug|x64
		{2B0932E6-1194-310E-8B3A-88010E86CEDB}.Release|x64.ActiveCfg = Release|x64
		{2B0932E6-1194-310E-8B3A-88010E86CEDB}.Release|x64.Build.0 = Release|x64
		{2B0932E6-1194-310E-8B3A-88010E86CEDB}.Release|x86.ActiveCfg = Release|x64
		{9B6AB092-5057-3260-A8C6-C340F4AEB991}.Debug|x64.ActiveCfg = Debug|x64
		{9B6AB092-5057-3260-A8C6-C340F4AEB991}.Debug|x64.Build.0 = Debug|x64
		{9B6AB092-5057-3260-A8C6-C340F4AEB991}.Debug|x86.ActiveCfg = Debug|x64
		{9B6AB092-5057-3260-A8C6-C340F4AEB991}.Release|x64.ActiveCfg = Release|x64
		{9B6AB092-5057-3260-A8C6-C340F4AEB991}.Release|x64.Build.0 = Release|x64
		{9B6AB092-5057-3260-A8C6-C340F4AEB991}.Release|x86.ActiveCfg = Release|x64
	EndGlobalSection
	GlobalSection(SolutionProperties) = preSolution
		HideSolutionNode = FALSE
	EndGlobalSection
	GlobalSection(NestedProjects) = preSolution
		{40AF0BD9-8A50-46BC-8618-E06E71D21BF5} = {9B96B047-63AF-462F-A878-F970DA366FF4}
		{36D8CE2F-33B2-45B5-A82C-7B64914F5BE4} = {1383DC25-3657-4B18-AD40-5A8929A14ABD}
		{86FA7807-97DD-432B-BAFD-4B8304762DEA} = {1383DC25-3657-4B18-AD40-5A8929A14ABD}
		{2D5343E1-C4C3-43FB-AB12-234001B3F5DD} = {1383DC25-3657-4B18-AD40-5A8929A14ABD}
		{3A84BF6D-4447-4AC4-8B18-4CEEF5B45D7E} = {36D8CE2F-33B2-45B5-A82C-7B64914F5BE4}
		{81CE8DAF-EBB2-4761-8E45-B71ABCCA8C68} = {36D8CE2F-33B2-45B5-A82C-7B64914F5BE4}
		{EF9AE747-3D3B-4EFE-985F-225E2E316AF2} = {E45C8D00-B2E1-4A8A-8D8B-B0AA9FA899A0}
		{A84D534F-09D9-4E53-B4E1-1ACEB00247C3} = {E45C8D00-B2E1-4A8A-8D8B-B0AA9FA899A0}
		{78B079BD-9FC7-4B9E-B4A6-96DA0F00248B} = {A84D534F-09D9-4E53-B4E1-1ACEB00247C3}
		{05402E84-9390-44A8-81C0-86F75912D938} = {E45C8D00-B2E1-4A8A-8D8B-B0AA9FA899A0}
		{D7D7D53B-A9B6-3D4E-A784-2A3CEFEF73B8} = {A84D534F-09D9-4E53-B4E1-1ACEB00247C3}
		{2B0932E6-1194-310E-8B3A-88010E86CEDB} = {A84D534F-09D9-4E53-B4E1-1ACEB00247C3}
		{9B6AB092-5057-3260-A8C6-C340F4AEB991} = {7554B67E-1726-497A-BA9C-9A4F844BFEA7}
	EndGlobalSection
	GlobalSection(ExtensibilityGlobals) = postSolution
		SolutionGuid = {321CE764-D974-4CEB-90FB-E549E00E5CD1}
	EndGlobalSection
EndGlobal
